
Microsoft Visual Studio Solution File, Format Version 12.00
# Visual Studio Version 16
VisualStudioVersion = 16.0.31424.327
MinimumVisualStudioVersion = 10.0.40219.1
Project("{9A19103F-16F7-4668-BE54-9A1E7A4F7556}") = "YooniK.Face.Client", "YooniK.Face.Client\YooniK.Face.Client.csproj", "{17EFABDD-1A6D-4479-865E-94689C03A3E3}"
EndProject
Project("{9A19103F-16F7-4668-BE54-9A1E7A4F7556}") = "YooniK.Face.Client.Sample", "YooniK.Face.Client.Sample\YooniK.Face.Client.Sample.csproj", "{DCBBE13F-768A-46FE-968D-7939BAC45CC4}"
EndProject
Project("{9A19103F-16F7-4668-BE54-9A1E7A4F7556}") = "YooniK.Face.Client.Tests", "YooniK.Face.Client.Tests\YooniK.Face.Client.Tests.csproj", "{E483B0F1-1F0F-41A2-AD96-30E8FDDCD103}"
EndProject
Global
	GlobalSection(SolutionConfigurationPlatforms) = preSolution
		Debug|Any CPU = Debug|Any CPU
		Release|Any CPU = Release|Any CPU
	EndGlobalSection
	GlobalSection(ProjectConfigurationPlatforms) = postSolution
		{17EFABDD-1A6D-4479-865E-94689C03A3E3}.Debug|Any CPU.ActiveCfg = Debug|Any CPU
		{17EFABDD-1A6D-4479-865E-94689C03A3E3}.Debug|Any CPU.Build.0 = Debug|Any CPU
		{17EFABDD-1A6D-4479-865E-94689C03A3E3}.Release|Any CPU.ActiveCfg = Release|Any CPU
		{17EFABDD-1A6D-4479-865E-94689C03A3E3}.Release|Any CPU.Build.0 = Release|Any CPU
		{DCBBE13F-768A-46FE-968D-7939BAC45CC4}.Debug|Any CPU.ActiveCfg = Debug|Any CPU
		{DCBBE13F-768A-46FE-968D-7939BAC45CC4}.Debug|Any CPU.Build.0 = Debug|Any CPU
		{DCBBE13F-768A-46FE-968D-7939BAC45CC4}.Release|Any CPU.ActiveCfg = Release|Any CPU
		{DCBBE13F-768A-46FE-968D-7939BAC45CC4}.Release|Any CPU.Build.0 = Release|Any CPU
		{E483B0F1-1F0F-41A2-AD96-30E8FDDCD103}.Debug|Any CPU.ActiveCfg = Debug|Any CPU
		{E483B0F1-1F0F-41A2-AD96-30E8FDDCD103}.Debug|Any CPU.Build.0 = Debug|Any CPU
		{E483B0F1-1F0F-41A2-AD96-30E8FDDCD103}.Release|Any CPU.ActiveCfg = Release|Any CPU
		{E483B0F1-1F0F-41A2-AD96-30E8FDDCD103}.Release|Any CPU.Build.0 = Release|Any CPU
	EndGlobalSection
	GlobalSection(SolutionProperties) = preSolution
		HideSolutionNode = FALSE
	EndGlobalSection
	GlobalSection(ExtensibilityGlobals) = postSolution
		SolutionGuid = {5AE033D5-14D5-43FA-B7B4-425DBFDB67E1}
	EndGlobalSection
EndGlobal
